
Microsoft Visual Studio Solution File, Format Version 12.00
# Visual Studio Version 17
VisualStudioVersion = 17.2.32616.157
MinimumVisualStudioVersion = 10.0.40219.1
Project("{FAE04EC0-301F-11D3-BF4B-00C04F79EFBC}") = "OntarioOneCallChallenge", "OntarioOneCallChallenge\OntarioOneCallChallenge.csproj", "{AB6A7B0A-6D0F-4D55-ADFF-4CF32AC9DBB3}"
EndProject
Global
	GlobalSection(SolutionConfigurationPlatforms) = preSolution
		Debug|Any CPU = Debug|Any CPU
		Release|Any CPU = Release|Any CPU
	EndGlobalSection
	GlobalSection(ProjectConfigurationPlatforms) = postSolution
		{AB6A7B0A-6D0F-4D55-ADFF-4CF32AC9DBB3}.Debug|Any CPU.ActiveCfg = Debug|Any CPU
		{AB6A7B0A-6D0F-4D55-ADFF-4CF32AC9DBB3}.Debug|Any CPU.Build.0 = Debug|Any CPU
		{AB6A7B0A-6D0F-4D55-ADFF-4CF32AC9DBB3}.Release|Any CPU.ActiveCfg = Release|Any CPU
		{AB6A7B0A-6D0F-4D55-ADFF-4CF32AC9DBB3}.Release|Any CPU.Build.0 = Release|Any CPU
	EndGlobalSection
	GlobalSection(SolutionProperties) = preSolution
		HideSolutionNode = FALSE
	EndGlobalSection
	GlobalSection(ExtensibilityGlobals) = postSolution
		SolutionGuid = {14C3256B-8CDE-4A51-B91A-31A20FC6FB60}
	EndGlobalSection
EndGlobal
